{
  "version": 4,
  "terraform_version": "1.15.6",
  "serial": 755,
  "lineage": "8bd7d9b7-498f-b0f3-f2fe-68a5a12cb6c1",
  "outputs": {
    "aws_region": {
      "value": "ap-south-1",
      "type": "string"
    },
    "calvin_instance_id": {
      "value": "i-0a275833716202fe4",
      "type": "string"
    },
    "calvin_public_ip": {
      "value": "3.108.208.64",
      "type": "string"
    },
    "student_configuration": {
      "value": {
        "student01": {
          "application_url": "http://3.108.208.64:8101",
          "ecr_repository": "training/student01",
          "ecr_repository_url": "750819667599.dkr.ecr.ap-south-1.amazonaws.com/training/student01",
          "github_repository": "student01-training-app",
          "github_repository_url": "https://github.com/cr5-gha-lab/student01-training-app",
          "instance_id": "i-0a275833716202fe4",
          "port": 8101,
          "role_arn": "arn:aws:iam::750819667599:role/grand-calvin-student01-deployer",
          "ssm_document": "grand-calvin-deploy-student01"
        }
      },
      "type": [
        "object",
        {
          "student01": [
            "object",
            {
              "application_url": "string",
              "ecr_repository": "string",
              "ecr_repository_url": "string",
              "github_repository": "string",
              "github_repository_url": "string",
              "instance_id": "string",
              "port": "number",
              "role_arn": "string",
              "ssm_document": "string"
            }
          ]
        }
      ]
    }
  },
  "resources": [
    {
      "mode": "data",
      "type": "aws_availability_zones",
      "name": "available",
      "provider": "provider[\"registry.terraform.io/hashicorp/aws\"]",
      "instances": [
        {
          "schema_version": 0,
          "attributes": {
            "all_availability_zones": null,
            "exclude_names": null,
            "exclude_zone_ids": null,
            "filter": null,
            "group_names": [
              "ap-south-1-zg-1"
            ],
            "id": "ap-south-1",
            "names": [
              "ap-south-1a",
              "ap-south-1b",
              "ap-south-1c"
            ],
            "region": "ap-south-1",
            "state": "available",
            "timeouts": null,
            "zone_ids": [
              "aps1-az1",
              "aps1-az3",
              "aps1-az2"
            ]
          },
          "sensitive_attributes": [],
          "identity_schema_version": 0
        }
      ]
    },
    {
      "mode": "data",
      "type": "aws_caller_identity",
      "name": "current",
      "provider": "provider[\"registry.terraform.io/hashicorp/aws\"]",
      "instances": [
        {
          "schema_version": 0,
          "attributes": {
            "account_id": "750819667599",
            "arn": "arn:aws:iam::750819667599:root",
            "id": "750819667599",
            "user_id": "750819667599"
          },
          "sensitive_attributes": [],
          "identity_schema_version": 0
        }
      ]
    },
    {
      "mode": "data",
      "type": "aws_iam_policy_document",
      "name": "calvin_assume_role",
      "provider": "provider[\"registry.terraform.io/hashicorp/aws\"]",
      "instances": [
        {
          "schema_version": 0,
          "attributes": {
            "id": "2851119427",
            "json": "{\n  \"Version\": \"2012-10-17\",\n  \"Statement\": [\n    {\n      \"Effect\": \"Allow\",\n      \"Action\": \"sts:AssumeRole\",\n      \"Principal\": {\n        \"Service\": \"ec2.amazonaws.com\"\n      }\n    }\n  ]\n}",
            "minified_json": "{\"Version\":\"2012-10-17\",\"Statement\":[{\"Effect\":\"Allow\",\"Action\":\"sts:AssumeRole\",\"Principal\":{\"Service\":\"ec2.amazonaws.com\"}}]}",
            "override_json": null,
            "override_policy_documents": null,
            "policy_id": null,
            "source_json": null,
            "source_policy_documents": null,
            "statement": [
              {
                "actions": [
                  "sts:AssumeRole"
                ],
                "condition": [],
                "effect": "Allow",
                "not_actions": [],
                "not_principals": [],
                "not_resources": [],
                "principals": [
                  {
                    "identifiers": [
                      "ec2.amazonaws.com"
                    ],
                    "type": "Service"
                  }
                ],
                "resources": [],
                "sid": ""
              }
            ],
            "version": "2012-10-17"
          },
          "sensitive_attributes": [],
          "identity_schema_version": 0
        }
      ]
    },
    {
      "mode": "data",
      "type": "aws_iam_policy_document",
      "name": "calvin_ecr_pull",
      "provider": "provider[\"registry.terraform.io/hashicorp/aws\"]",
      "instances": [
        {
          "schema_version": 0,
          "attributes": {
            "id": "1678997619",
            "json": "{\n  \"Version\": \"2012-10-17\",\n  \"Statement\": [\n    {\n      \"Sid\": \"GetEcrAuthorizationToken\",\n      \"Effect\": \"Allow\",\n      \"Action\": \"ecr:GetAuthorizationToken\",\n      \"Resource\": \"*\"\n    },\n    {\n      \"Sid\": \"PullStudentImages\",\n      \"Effect\": \"Allow\",\n      \"Action\": [\n        \"ecr:GetDownloadUrlForLayer\",\n        \"ecr:BatchGetImage\",\n        \"ecr:BatchCheckLayerAvailability\"\n      ],\n      \"Resource\": \"arn:aws:ecr:ap-south-1:750819667599:repository/training/student01\"\n    }\n  ]\n}",
            "minified_json": "{\"Version\":\"2012-10-17\",\"Statement\":[{\"Sid\":\"GetEcrAuthorizationToken\",\"Effect\":\"Allow\",\"Action\":\"ecr:GetAuthorizationToken\",\"Resource\":\"*\"},{\"Sid\":\"PullStudentImages\",\"Effect\":\"Allow\",\"Action\":[\"ecr:GetDownloadUrlForLayer\",\"ecr:BatchGetImage\",\"ecr:BatchCheckLayerAvailability\"],\"Resource\":\"arn:aws:ecr:ap-south-1:750819667599:repository/training/student01\"}]}",
            "override_json": null,
            "override_policy_documents": null,
            "policy_id": null,
            "source_json": null,
            "source_policy_documents": null,
            "statement": [
              {
                "actions": [
                  "ecr:GetAuthorizationToken"
                ],
                "condition": [],
                "effect": "Allow",
                "not_actions": [],
                "not_principals": [],
                "not_resources": [],
                "principals": [],
                "resources": [
                  "*"
                ],
                "sid": "GetEcrAuthorizationToken"
              },
              {
                "actions": [
                  "ecr:BatchCheckLayerAvailability",
                  "ecr:BatchGetImage",
                  "ecr:GetDownloadUrlForLayer"
                ],
                "condition": [],
                "effect": "Allow",
                "not_actions": [],
                "not_principals": [],
                "not_resources": [],
                "principals": [],
                "resources": [
                  "arn:aws:ecr:ap-south-1:750819667599:repository/training/student01"
                ],
                "sid": "PullStudentImages"
              }
            ],
            "version": "2012-10-17"
          },
          "sensitive_attributes": [],
          "identity_schema_version": 0
        }
      ]
    },
    {
      "mode": "data",
      "type": "aws_iam_policy_document",
      "name": "student_deployer",
      "provider": "provider[\"registry.terraform.io/hashicorp/aws\"]",
      "instances": [
        {
          "index_key": "student01",
          "schema_version": 0,
          "attributes": {
            "id": "3585411417",
            "json": "{\n  \"Version\": \"2012-10-17\",\n  \"Statement\": [\n    {\n      \"Sid\": \"GetEcrAuthorizationToken\",\n      \"Effect\": \"Allow\",\n      \"Action\": \"ecr:GetAuthorizationToken\",\n      \"Resource\": \"*\"\n    },\n    {\n      \"Sid\": \"PushOnlyOwnRepository\",\n      \"Effect\": \"Allow\",\n      \"Action\": [\n        \"ecr:UploadLayerPart\",\n        \"ecr:PutImage\",\n        \"ecr:InitiateLayerUpload\",\n        \"ecr:GetDownloadUrlForLayer\",\n        \"ecr:CompleteLayerUpload\",\n        \"ecr:BatchGetImage\",\n        \"ecr:BatchCheckLayerAvailability\"\n      ],\n      \"Resource\": \"arn:aws:ecr:ap-south-1:750819667599:repository/training/student01\"\n    },\n    {\n      \"Sid\": \"InvokeOwnDeploymentDocumentOnCalvin\",\n      \"Effect\": \"Allow\",\n      \"Action\": \"ssm:SendCommand\",\n      \"Resource\": [\n        \"arn:aws:ssm:ap-south-1:750819667599:document/grand-calvin-deploy-student01\",\n        \"arn:aws:ec2:ap-south-1:750819667599:instance/i-0a275833716202fe4\"\n      ]\n    },\n    {\n      \"Sid\": \"ReadCommandResult\",\n      \"Effect\": \"Allow\",\n      \"Action\": [\n        \"ssm:ListCommandInvocations\",\n        \"ssm:GetCommandInvocation\"\n      ],\n      \"Resource\": \"*\"\n    }\n  ]\n}",
            "minified_json": "{\"Version\":\"2012-10-17\",\"Statement\":[{\"Sid\":\"GetEcrAuthorizationToken\",\"Effect\":\"Allow\",\"Action\":\"ecr:GetAuthorizationToken\",\"Resource\":\"*\"},{\"Sid\":\"PushOnlyOwnRepository\",\"Effect\":\"Allow\",\"Action\":[\"ecr:UploadLayerPart\",\"ecr:PutImage\",\"ecr:InitiateLayerUpload\",\"ecr:GetDownloadUrlForLayer\",\"ecr:CompleteLayerUpload\",\"ecr:BatchGetImage\",\"ecr:BatchCheckLayerAvailability\"],\"Resource\":\"arn:aws:ecr:ap-south-1:750819667599:repository/training/student01\"},{\"Sid\":\"InvokeOwnDeploymentDocumentOnCalvin\",\"Effect\":\"Allow\",\"Action\":\"ssm:SendCommand\",\"Resource\":[\"arn:aws:ssm:ap-south-1:750819667599:document/grand-calvin-deploy-student01\",\"arn:aws:ec2:ap-south-1:750819667599:instance/i-0a275833716202fe4\"]},{\"Sid\":\"ReadCommandResult\",\"Effect\":\"Allow\",\"Action\":[\"ssm:ListCommandInvocations\",\"ssm:GetCommandInvocation\"],\"Resource\":\"*\"}]}",
            "override_json": null,
            "override_policy_documents": null,
            "policy_id": null,
            "source_json": null,
            "source_policy_documents": null,
            "statement": [
              {
                "actions": [
                  "ecr:GetAuthorizationToken"
                ],
                "condition": [],
                "effect": "Allow",
                "not_actions": [],
                "not_principals": [],
                "not_resources": [],
                "principals": [],
                "resources": [
                  "*"
                ],
                "sid": "GetEcrAuthorizationToken"
              },
              {
                "actions": [
                  "ecr:BatchCheckLayerAvailability",
                  "ecr:BatchGetImage",
                  "ecr:CompleteLayerUpload",
                  "ecr:GetDownloadUrlForLayer",
                  "ecr:InitiateLayerUpload",
                  "ecr:PutImage",
                  "ecr:UploadLayerPart"
                ],
                "condition": [],
                "effect": "Allow",
                "not_actions": [],
                "not_principals": [],
                "not_resources": [],
                "principals": [],
                "resources": [
                  "arn:aws:ecr:ap-south-1:750819667599:repository/training/student01"
                ],
                "sid": "PushOnlyOwnRepository"
              },
              {
                "actions": [
                  "ssm:SendCommand"
                ],
                "condition": [],
                "effect": "Allow",
                "not_actions": [],
                "not_principals": [],
                "not_resources": [],
                "principals": [],
                "resources": [
                  "arn:aws:ec2:ap-south-1:750819667599:instance/i-0a275833716202fe4",
                  "arn:aws:ssm:ap-south-1:750819667599:document/grand-calvin-deploy-student01"
                ],
                "sid": "InvokeOwnDeploymentDocumentOnCalvin"
              },
              {
                "actions": [
                  "ssm:GetCommandInvocation",
                  "ssm:ListCommandInvocations"
                ],
                "condition": [],
                "effect": "Allow",
                "not_actions": [],
                "not_principals": [],
                "not_resources": [],
                "principals": [],
                "resources": [
                  "*"
                ],
                "sid": "ReadCommandResult"
              }
            ],
            "version": "2012-10-17"
          },
          "sensitive_attributes": [],
          "identity_schema_version": 0
        }
      ]
    },
    {
      "mode": "data",
      "type": "aws_iam_policy_document",
      "name": "student_oidc_trust",
      "provider": "provider[\"registry.terraform.io/hashicorp/aws\"]",
      "instances": [
        {
          "index_key": "student01",
          "schema_version": 0,
          "attributes": {
            "id": "1776538431",
            "json": "{\n  \"Version\": \"2012-10-17\",\n  \"Statement\": [\n    {\n      \"Effect\": \"Allow\",\n      \"Action\": \"sts:AssumeRoleWithWebIdentity\",\n      \"Principal\": {\n        \"Federated\": \"arn:aws:iam::750819667599:oidc-provider/token.actions.githubusercontent.com\"\n      },\n      \"Condition\": {\n        \"StringEquals\": {\n          \"token.actions.githubusercontent.com:aud\": \"sts.amazonaws.com\"\n        },\n        \"StringLike\": {\n          \"token.actions.githubusercontent.com:sub\": \"repo:cr5-gha-lab@*/student01-training-app@*:ref:refs/heads/main\"\n        }\n      }\n    }\n  ]\n}",
            "minified_json": "{\"Version\":\"2012-10-17\",\"Statement\":[{\"Effect\":\"Allow\",\"Action\":\"sts:AssumeRoleWithWebIdentity\",\"Principal\":{\"Federated\":\"arn:aws:iam::750819667599:oidc-provider/token.actions.githubusercontent.com\"},\"Condition\":{\"StringEquals\":{\"token.actions.githubusercontent.com:aud\":\"sts.amazonaws.com\"},\"StringLike\":{\"token.actions.githubusercontent.com:sub\":\"repo:cr5-gha-lab@*/student01-training-app@*:ref:refs/heads/main\"}}}]}",
            "override_json": null,
            "override_policy_documents": null,
            "policy_id": null,
            "source_json": null,
            "source_policy_documents": null,
            "statement": [
              {
                "actions": [
                  "sts:AssumeRoleWithWebIdentity"
                ],
                "condition": [
                  {
                    "test": "StringEquals",
                    "values": [
                      "sts.amazonaws.com"
                    ],
                    "variable": "token.actions.githubusercontent.com:aud"
                  },
                  {
                    "test": "StringLike",
                    "values": [
                      "repo:cr5-gha-lab@*/student01-training-app@*:ref:refs/heads/main"
                    ],
                    "variable": "token.actions.githubusercontent.com:sub"
                  }
                ],
                "effect": "Allow",
                "not_actions": [],
                "not_principals": [],
                "not_resources": [],
                "principals": [
                  {
                    "identifiers": [
                      "arn:aws:iam::750819667599:oidc-provider/token.actions.githubusercontent.com"
                    ],
                    "type": "Federated"
                  }
                ],
                "resources": [],
                "sid": ""
              }
            ],
            "version": "2012-10-17"
          },
          "sensitive_attributes": [],
          "identity_schema_version": 0
        }
      ]
    },
    {
      "mode": "data",
      "type": "aws_partition",
      "name": "current",
      "provider": "provider[\"registry.terraform.io/hashicorp/aws\"]",
      "instances": [
        {
          "schema_version": 0,
          "attributes": {
            "dns_suffix": "amazonaws.com",
            "id": "aws",
            "partition": "aws",
            "reverse_dns_prefix": "com.amazonaws"
          },
          "sensitive_attributes": [],
          "identity_schema_version": 0
        }
      ]
    },
    {
      "mode": "data",
      "type": "aws_ssm_parameter",
      "name": "al2023_ami",
      "provider": "provider[\"registry.terraform.io/hashicorp/aws\"]",
      "instances": [
        {
          "schema_version": 0,
          "attributes": {
            "arn": "arn:aws:ssm:ap-south-1::parameter/aws/service/ami-amazon-linux-latest/al2023-ami-kernel-default-x86_64",
            "id": "/aws/service/ami-amazon-linux-latest/al2023-ami-kernel-default-x86_64",
            "insecure_value": "ami-0b8c9bfaf09f03048",
            "name": "/aws/service/ami-amazon-linux-latest/al2023-ami-kernel-default-x86_64",
            "region": "ap-south-1",
            "type": "String",
            "value": "ami-0b8c9bfaf09f03048",
            "version": 180,
            "with_decryption": true
          },
          "sensitive_attributes": [
            [
              {
                "type": "get_attr",
                "value": "value"
              }
            ]
          ],
          "identity_schema_version": 0
        }
      ]
    },
    {
      "mode": "managed",
      "type": "aws_ecr_lifecycle_policy",
      "name": "student",
      "provider": "provider[\"registry.terraform.io/hashicorp/aws\"]",
      "instances": [
        {
          "index_key": "student01",
          "schema_version": 0,
          "attributes": {
            "id": "training/student01",
            "policy": "{\"rules\":[{\"action\":{\"type\":\"expire\"},\"description\":\"Retain the five most recent images\",\"rulePriority\":1,\"selection\":{\"countNumber\":5,\"countType\":\"imageCountMoreThan\",\"tagStatus\":\"any\"}}]}",
            "region": "ap-south-1",
            "registry_id": "750819667599",
            "repository": "training/student01"
          },
          "sensitive_attributes": [],
          "identity_schema_version": 0,
          "identity": {
            "account_id": "750819667599",
            "region": "ap-south-1",
            "repository": "training/student01"
          },
          "private": "bnVsbA==",
          "dependencies": [
            "aws_ecr_repository.student"
          ]
        }
      ]
    },
    {
      "mode": "managed",
      "type": "aws_ecr_repository",
      "name": "student",
      "provider": "provider[\"registry.terraform.io/hashicorp/aws\"]",
      "instances": [
        {
          "index_key": "student01",
          "schema_version": 0,
          "attributes": {
            "arn": "arn:aws:ecr:ap-south-1:750819667599:repository/training/student01",
            "encryption_configuration": [
              {
                "encryption_type": "AES256",
                "kms_key": ""
              }
            ],
            "force_delete": true,
            "id": "training/student01",
            "image_scanning_configuration": [
              {
                "scan_on_push": true
              }
            ],
            "image_tag_mutability": "MUTABLE",
            "image_tag_mutability_exclusion_filter": [],
            "name": "training/student01",
            "region": "ap-south-1",
            "registry_id": "750819667599",
            "repository_url": "750819667599.dkr.ecr.ap-south-1.amazonaws.com/training/student01",
            "tags": {
              "Environment": "training",
              "Student": "student01"
            },
            "tags_all": {
              "Environment": "training",
              "ManagedBy": "Terraform",
              "Project": "grand-calvin",
              "Student": "student01"
            },
            "timeouts": null
          },
          "sensitive_attributes": [],
          "identity_schema_version": 0,
          "identity": {
            "account_id": "750819667599",
            "name": "training/student01",
            "region": "ap-south-1"
          },
          "private": "eyJlMmJmYjczMC1lY2FhLTExZTYtOGY4OC0zNDM2M2JjN2M0YzAiOnsiZGVsZXRlIjoxMjAwMDAwMDAwMDAwfX0="
        }
      ]
    },
    {
      "mode": "managed",
      "type": "aws_eip",
      "name": "calvin",
      "provider": "provider[\"registry.terraform.io/hashicorp/aws\"]",
      "instances": [
        {
          "schema_version": 0,
          "attributes": {
            "address": null,
            "allocation_id": "eipalloc-059615c7128ab123e",
            "arn": "arn:aws:ec2:ap-south-1:750819667599:elastic-ip/eipalloc-059615c7128ab123e",
            "associate_with_private_ip": null,
            "association_id": "",
            "carrier_ip": "",
            "customer_owned_ip": "",
            "customer_owned_ipv4_pool": "",
            "domain": "vpc",
            "id": "eipalloc-059615c7128ab123e",
            "instance": "",
            "ipam_pool_id": "",
            "network_border_group": "ap-south-1",
            "network_interface": "",
            "private_dns": "",
            "private_ip": "",
            "ptr_record": "",
            "public_dns": "ec2-3-108-208-64.ap-south-1.compute.amazonaws.com",
            "public_ip": "3.108.208.64",
            "public_ipv4_pool": "amazon",
            "region": "ap-south-1",
            "tags": {
              "Environment": "training",
              "Name": "grand-calvin-eip"
            },
            "tags_all": {
              "Environment": "training",
              "ManagedBy": "Terraform",
              "Name": "grand-calvin-eip",
              "Project": "grand-calvin"
            },
            "timeouts": null
          },
          "sensitive_attributes": [],
          "identity_schema_version": 0,
          "identity": {
            "account_id": "750819667599",
            "id": "eipalloc-059615c7128ab123e",
            "region": "ap-south-1"
          },
          "private": "eyJlMmJmYjczMC1lY2FhLTExZTYtOGY4OC0zNDM2M2JjN2M0YzAiOnsiZGVsZXRlIjoxODAwMDAwMDAwMDAsInJlYWQiOjkwMDAwMDAwMDAwMCwidXBkYXRlIjozMDAwMDAwMDAwMDB9fQ=="
        }
      ]
    },
    {
      "mode": "managed",
      "type": "aws_eip_association",
      "name": "calvin",
      "provider": "provider[\"registry.terraform.io/hashicorp/aws\"]",
      "instances": [
        {
          "schema_version": 0,
          "attributes": {
            "allocation_id": "eipalloc-059615c7128ab123e",
            "allow_reassociation": null,
            "id": "eipassoc-06117817cd58a08f7",
            "instance_id": "i-0a275833716202fe4",
            "network_interface_id": "eni-0821e55ba9758a8fd",
            "private_ip_address": "10.40.1.73",
            "public_ip": "3.108.208.64",
            "region": "ap-south-1"
          },
          "sensitive_attributes": [],
          "identity_schema_version": 0,
          "private": "bnVsbA==",
          "dependencies": [
            "aws_ecr_repository.student",
            "aws_eip.calvin",
            "aws_iam_instance_profile.calvin",
            "aws_iam_role.calvin",
            "aws_iam_role_policy.calvin_ecr_pull",
            "aws_iam_role_policy_attachment.calvin_ssm",
            "aws_instance.calvin",
            "aws_internet_gateway.calvin",
            "aws_route_table.public",
            "aws_route_table_association.public",
            "aws_security_group.calvin",
            "aws_subnet.public",
            "aws_vpc.calvin",
            "data.aws_availability_zones.available",
            "data.aws_iam_policy_document.calvin_assume_role",
            "data.aws_iam_policy_document.calvin_ecr_pull",
            "data.aws_partition.current",
            "data.aws_ssm_parameter.al2023_ami"
          ]
        }
      ]
    },
    {
      "mode": "managed",
      "type": "aws_iam_instance_profile",
      "name": "calvin",
      "provider": "provider[\"registry.terraform.io/hashicorp/aws\"]",
      "instances": [
        {
          "schema_version": 0,
          "attributes": {
            "arn": "arn:aws:iam::750819667599:instance-profile/grand-calvin-instance-profile",
            "create_date": "2026-07-22T16:43:43Z",
            "id": "grand-calvin-instance-profile",
            "name": "grand-calvin-instance-profile",
            "name_prefix": "",
            "path": "/",
            "role": "grand-calvin-instance-role",
            "tags": null,
            "tags_all": {
              "ManagedBy": "Terraform",
              "Project": "grand-calvin"
            },
            "unique_id": "AIPA25UCW52HQXC5JXT35"
          },
          "sensitive_attributes": [],
          "identity_schema_version": 0,
          "identity": {
            "account_id": "750819667599",
            "name": "grand-calvin-instance-profile"
          },
          "private": "bnVsbA==",
          "dependencies": [
            "aws_iam_role.calvin",
            "data.aws_iam_policy_document.calvin_assume_role"
          ]
        }
      ]
    },
    {
      "mode": "managed",
      "type": "aws_iam_openid_connect_provider",
      "name": "github",
      "provider": "provider[\"registry.terraform.io/hashicorp/aws\"]",
      "instances": [
        {
          "index_key": 0,
          "schema_version": 0,
          "attributes": {
            "arn": "arn:aws:iam::750819667599:oidc-provider/token.actions.githubusercontent.com",
            "client_id_list": [
              "sts.amazonaws.com"
            ],
            "id": "arn:aws:iam::750819667599:oidc-provider/token.actions.githubusercontent.com",
            "tags": {
              "Environment": "training",
              "Name": "github-actions"
            },
            "tags_all": {
              "Environment": "training",
              "ManagedBy": "Terraform",
              "Name": "github-actions",
              "Project": "grand-calvin"
            },
            "thumbprint_list": [
              "ab9d0263244dd0326eb67015705a667e79cfe998"
            ],
            "url": "token.actions.githubusercontent.com"
          },
          "sensitive_attributes": [],
          "identity_schema_version": 0,
          "identity": {
            "arn": "arn:aws:iam::750819667599:oidc-provider/token.actions.githubusercontent.com"
          },
          "private": "bnVsbA=="
        }
      ]
    },
    {
      "mode": "managed",
      "type": "aws_iam_role",
      "name": "calvin",
      "provider": "provider[\"registry.terraform.io/hashicorp/aws\"]",
      "instances": [
        {
          "schema_version": 0,
          "attributes": {
            "arn": "arn:aws:iam::750819667599:role/grand-calvin-instance-role",
            "assume_role_policy": "{\"Statement\":[{\"Action\":\"sts:AssumeRole\",\"Effect\":\"Allow\",\"Principal\":{\"Service\":\"ec2.amazonaws.com\"}}],\"Version\":\"2012-10-17\"}",
            "create_date": "2026-07-22T16:43:42Z",
            "description": "",
            "force_detach_policies": false,
            "id": "grand-calvin-instance-role",
            "inline_policy": [],
            "managed_policy_arns": [],
            "max_session_duration": 3600,
            "name": "grand-calvin-instance-role",
            "name_prefix": "",
            "path": "/",
            "permissions_boundary": "",
            "tags": null,
            "tags_all": {
              "ManagedBy": "Terraform",
              "Project": "grand-calvin"
            },
            "unique_id": "AROA25UCW52HXXADIKSNF"
          },
          "sensitive_attributes": [],
          "identity_schema_version": 0,
          "identity": {
            "account_id": "750819667599",
            "name": "grand-calvin-instance-role"
          },
          "private": "bnVsbA==",
          "dependencies": [
            "data.aws_iam_policy_document.calvin_assume_role"
          ]
        }
      ]
    },
    {
      "mode": "managed",
      "type": "aws_iam_role",
      "name": "student_deployer",
      "provider": "provider[\"registry.terraform.io/hashicorp/aws\"]",
      "instances": [
        {
          "index_key": "student01",
          "schema_version": 0,
          "attributes": {
            "arn": "arn:aws:iam::750819667599:role/grand-calvin-student01-deployer",
            "assume_role_policy": "{\"Statement\":[{\"Action\":\"sts:AssumeRoleWithWebIdentity\",\"Condition\":{\"StringEquals\":{\"token.actions.githubusercontent.com:aud\":\"sts.amazonaws.com\"},\"StringLike\":{\"token.actions.githubusercontent.com:sub\":\"repo:cr5-gha-lab@*/student01-training-app@*:ref:refs/heads/main\"}},\"Effect\":\"Allow\",\"Principal\":{\"Federated\":\"arn:aws:iam::750819667599:oidc-provider/token.actions.githubusercontent.com\"}}],\"Version\":\"2012-10-17\"}",
            "create_date": "2026-07-22T16:43:43Z",
            "description": "",
            "force_detach_policies": false,
            "id": "grand-calvin-student01-deployer",
            "inline_policy": [],
            "managed_policy_arns": [],
            "max_session_duration": 3600,
            "name": "grand-calvin-student01-deployer",
            "name_prefix": "",
            "path": "/",
            "permissions_boundary": "",
            "tags": {
              "Environment": "training",
              "Student": "student01"
            },
            "tags_all": {
              "Environment": "training",
              "ManagedBy": "Terraform",
              "Project": "grand-calvin",
              "Student": "student01"
            },
            "unique_id": "AROA25UCW52HQXFNGIDYB"
          },
          "sensitive_attributes": [],
          "identity_schema_version": 0,
          "identity": {
            "account_id": "750819667599",
            "name": "grand-calvin-student01-deployer"
          },
          "private": "bnVsbA==",
          "dependencies": [
            "aws_iam_openid_connect_provider.github",
            "data.aws_iam_policy_document.student_oidc_trust"
          ]
        }
      ]
    },
    {
      "mode": "managed",
      "type": "aws_iam_role_policy",
      "name": "calvin_ecr_pull",
      "provider": "provider[\"registry.terraform.io/hashicorp/aws\"]",
      "instances": [
        {
          "schema_version": 0,
          "attributes": {
            "id": "grand-calvin-instance-role:grand-calvin-ecr-pull",
            "name": "grand-calvin-ecr-pull",
            "name_prefix": "",
            "policy": "{\"Version\":\"2012-10-17\",\"Statement\":[{\"Action\":\"ecr:GetAuthorizationToken\",\"Effect\":\"Allow\",\"Resource\":\"*\",\"Sid\":\"GetEcrAuthorizationToken\"},{\"Action\":[\"ecr:GetDownloadUrlForLayer\",\"ecr:BatchGetImage\",\"ecr:BatchCheckLayerAvailability\"],\"Effect\":\"Allow\",\"Resource\":\"arn:aws:ecr:ap-south-1:750819667599:repository/training/student01\",\"Sid\":\"PullStudentImages\"}]}",
            "role": "grand-calvin-instance-role"
          },
          "sensitive_attributes": [],
          "identity_schema_version": 0,
          "identity": {
            "account_id": "750819667599",
            "name": "grand-calvin-ecr-pull",
            "role": "grand-calvin-instance-role"
          },
          "private": "bnVsbA==",
          "dependencies": [
            "aws_ecr_repository.student",
            "aws_iam_role.calvin",
            "data.aws_iam_policy_document.calvin_assume_role",
            "data.aws_iam_policy_document.calvin_ecr_pull"
          ]
        }
      ]
    },
    {
      "mode": "managed",
      "type": "aws_iam_role_policy",
      "name": "student_deployer",
      "provider": "provider[\"registry.terraform.io/hashicorp/aws\"]",
      "instances": [
        {
          "index_key": "student01",
          "schema_version": 0,
          "attributes": {
            "id": "grand-calvin-student01-deployer:grand-calvin-student01-deployment",
            "name": "grand-calvin-student01-deployment",
            "name_prefix": "",
            "policy": "{\"Version\":\"2012-10-17\",\"Statement\":[{\"Action\":\"ecr:GetAuthorizationToken\",\"Effect\":\"Allow\",\"Resource\":\"*\",\"Sid\":\"GetEcrAuthorizationToken\"},{\"Action\":[\"ecr:UploadLayerPart\",\"ecr:PutImage\",\"ecr:InitiateLayerUpload\",\"ecr:GetDownloadUrlForLayer\",\"ecr:CompleteLayerUpload\",\"ecr:BatchGetImage\",\"ecr:BatchCheckLayerAvailability\"],\"Effect\":\"Allow\",\"Resource\":\"arn:aws:ecr:ap-south-1:750819667599:repository/training/student01\",\"Sid\":\"PushOnlyOwnRepository\"},{\"Action\":\"ssm:SendCommand\",\"Effect\":\"Allow\",\"Resource\":[\"arn:aws:ssm:ap-south-1:750819667599:document/grand-calvin-deploy-student01\",\"arn:aws:ec2:ap-south-1:750819667599:instance/i-0a275833716202fe4\"],\"Sid\":\"InvokeOwnDeploymentDocumentOnCalvin\"},{\"Action\":[\"ssm:ListCommandInvocations\",\"ssm:GetCommandInvocation\"],\"Effect\":\"Allow\",\"Resource\":\"*\",\"Sid\":\"ReadCommandResult\"}]}",
            "role": "grand-calvin-student01-deployer"
          },
          "sensitive_attributes": [],
          "identity_schema_version": 0,
          "identity": {
            "account_id": "750819667599",
            "name": "grand-calvin-student01-deployment",
            "role": "grand-calvin-student01-deployer"
          },
          "private": "bnVsbA==",
          "dependencies": [
            "aws_ecr_repository.student",
            "aws_iam_instance_profile.calvin",
            "aws_iam_openid_connect_provider.github",
            "aws_iam_role.calvin",
            "aws_iam_role.student_deployer",
            "aws_iam_role_policy.calvin_ecr_pull",
            "aws_iam_role_policy_attachment.calvin_ssm",
            "aws_instance.calvin",
            "aws_internet_gateway.calvin",
            "aws_route_table.public",
            "aws_route_table_association.public",
            "aws_security_group.calvin",
            "aws_ssm_document.student_deploy",
            "aws_subnet.public",
            "aws_vpc.calvin",
            "data.aws_availability_zones.available",
            "data.aws_iam_policy_document.calvin_assume_role",
            "data.aws_iam_policy_document.calvin_ecr_pull",
            "data.aws_iam_policy_document.student_deployer",
            "data.aws_iam_policy_document.student_oidc_trust",
            "data.aws_partition.current",
            "data.aws_ssm_parameter.al2023_ami"
          ]
        }
      ]
    },
    {
      "mode": "managed",
      "type": "aws_iam_role_policy_attachment",
      "name": "calvin_ssm",
      "provider": "provider[\"registry.terraform.io/hashicorp/aws\"]",
      "instances": [
        {
          "schema_version": 0,
          "attributes": {
            "id": "grand-calvin-instance-role/arn:aws:iam::aws:policy/AmazonSSMManagedInstanceCore",
            "policy_arn": "arn:aws:iam::aws:policy/AmazonSSMManagedInstanceCore",
            "role": "grand-calvin-instance-role"
          },
          "sensitive_attributes": [],
          "identity_schema_version": 0,
          "identity": {
            "account_id": "750819667599",
            "policy_arn": "arn:aws:iam::aws:policy/AmazonSSMManagedInstanceCore",
            "role": "grand-calvin-instance-role"
          },
          "private": "bnVsbA==",
          "dependencies": [
            "aws_iam_role.calvin",
            "data.aws_iam_policy_document.calvin_assume_role",
            "data.aws_partition.current"
          ]
        }
      ]
    },
    {
      "mode": "managed",
      "type": "aws_instance",
      "name": "calvin",
      "provider": "provider[\"registry.terraform.io/hashicorp/aws\"]",
      "instances": [
        {
          "schema_version": 2,
          "attributes": {
            "ami": "ami-0b8c9bfaf09f03048",
            "arn": "arn:aws:ec2:ap-south-1:750819667599:instance/i-0a275833716202fe4",
            "associate_public_ip_address": true,
            "availability_zone": "ap-south-1a",
            "capacity_reservation_specification": [
              {
                "capacity_reservation_preference": "open",
                "capacity_reservation_target": []
              }
            ],
            "cpu_options": [
              {
                "amd_sev_snp": "",
                "core_count": 4,
                "nested_virtualization": "",
                "threads_per_core": 2
              }
            ],
            "credit_specification": [],
            "disable_api_stop": false,
            "disable_api_termination": false,
            "ebs_block_device": [],
            "ebs_optimized": false,
            "enable_primary_ipv6": null,
            "enclave_options": [
              {
                "enabled": false
              }
            ],
            "ephemeral_block_device": [],
            "force_destroy": false,
            "get_password_data": false,
            "hibernation": false,
            "host_id": "",
            "host_resource_group_arn": null,
            "iam_instance_profile": "grand-calvin-instance-profile",
            "id": "i-0a275833716202fe4",
            "instance_initiated_shutdown_behavior": "stop",
            "instance_lifecycle": "",
            "instance_market_options": [],
            "instance_state": "running",
            "instance_type": "m7i.2xlarge",
            "ipv6_address_count": 0,
            "ipv6_addresses": [],
            "key_name": "",
            "launch_template": [],
            "maintenance_options": [
              {
                "auto_recovery": "default"
              }
            ],
            "metadata_options": [
              {
                "http_endpoint": "enabled",
                "http_protocol_ipv6": "disabled",
                "http_put_response_hop_limit": 1,
                "http_tokens": "required",
                "instance_metadata_tags": "disabled"
              }
            ],
            "monitoring": false,
            "network_interface": [],
            "outpost_arn": "",
            "password_data": "",
            "placement_group": "",
            "placement_group_id": "",
            "placement_partition_number": 0,
            "primary_network_interface": [
              {
                "delete_on_termination": true,
                "network_interface_id": "eni-0821e55ba9758a8fd"
              }
            ],
            "primary_network_interface_id": "eni-0821e55ba9758a8fd",
            "private_dns": "ip-10-40-1-73.ap-south-1.compute.internal",
            "private_dns_name_options": [
              {
                "enable_resource_name_dns_a_record": false,
                "enable_resource_name_dns_aaaa_record": false,
                "hostname_type": "ip-name"
              }
            ],
            "private_ip": "10.40.1.73",
            "public_dns": "ec2-65-2-140-170.ap-south-1.compute.amazonaws.com",
            "public_ip": "65.2.140.170",
            "region": "ap-south-1",
            "root_block_device": [
              {
                "delete_on_termination": true,
                "device_name": "/dev/xvda",
                "encrypted": true,
                "iops": 3000,
                "kms_key_id": "arn:aws:kms:ap-south-1:750819667599:key/906dbe16-650d-4829-910b-c1df2fcba2ac",
                "tags": null,
                "tags_all": {
                  "ManagedBy": "Terraform",
                  "Project": "grand-calvin"
                },
                "throughput": 125,
                "volume_id": "vol-0b3dc0cd8b6ec9ea6",
                "volume_size": 100,
                "volume_type": "gp3"
              }
            ],
            "secondary_network_interface": [],
            "secondary_private_ips": [],
            "security_groups": [],
            "source_dest_check": true,
            "spot_instance_request_id": "",
            "subnet_id": "subnet-018f36d306ec5ca73",
            "tags": {
              "Environment": "training",
              "Name": "grand-calvin",
              "Role": "shared-docker-host"
            },
            "tags_all": {
              "Environment": "training",
              "ManagedBy": "Terraform",
              "Name": "grand-calvin",
              "Project": "grand-calvin",
              "Role": "shared-docker-host"
            },
            "tenancy": "default",
            "timeouts": null,
            "user_data": "#!/bin/bash\nset -euxo pipefail\n\ndnf update -y\ndnf install -y docker awscli jq util-linux\nsystemctl enable --now docker\n\nif ! systemctl list-unit-files amazon-ssm-agent.service \u003e/dev/null 2\u003e\u00261; then\n  dnf install -y amazon-ssm-agent || true\nfi\n\nsystemctl enable --now amazon-ssm-agent\n\nmkdir -p /opt/calvin/bin /opt/calvin/locks /var/log/calvin\n\ninstall -d -m 0755 /opt/calvin/bin\n\ncat \u003e/opt/calvin/bin/deploy-student \u003c\u003c'SCRIPT'\n#!/bin/bash\nset -euo pipefail\n\nDEPLOYMENT_SLOT=\"$1\"\nIMAGE_URI=\"$2\"\nHOST_PORT=\"$3\"\nSTUDENT_ID=\"$4\"\nAWS_REGION=\"ap-south-1\"\n\nif [[ ! \"$DEPLOYMENT_SLOT\" =~ ^student([0-2][0-9]|30)$ ]]; then\n  echo \"Invalid deployment slot: $DEPLOYMENT_SLOT\" \u003e\u00262\n  exit 10\nfi\n\nif [[ ! \"$STUDENT_ID\" =~ ^[A-Za-z0-9][A-Za-z0-9._-]{0,63}$ ]]; then\n  echo \"Invalid student name: $STUDENT_ID\" \u003e\u00262\n  exit 11\nfi\n\nif [[ ! \"$HOST_PORT\" =~ ^81(0[1-9]|[12][0-9]|30)$ ]]; then\n  echo \"Invalid assigned port: $HOST_PORT\" \u003e\u00262\n  exit 11\nfi\n\nif [[ ! \"$IMAGE_URI\" =~ ^[0-9]{12}\\.dkr\\.ecr\\.ap-south-1\\.amazonaws\\.com/training/student[0-9]{2}:[A-Za-z0-9._-]+$ ]]; then\n  echo \"Invalid ECR image URI\" \u003e\u00262\n  exit 12\nfi\n\nEXPECTED_REPOSITORY=\"training/$DEPLOYMENT_SLOT\"\nif [[ \"$IMAGE_URI\" != *\"/$EXPECTED_REPOSITORY:\"* ]]; then\n  echo \"Image does not belong to deployment slot $DEPLOYMENT_SLOT\" \u003e\u00262\n  exit 13\nfi\n\nCONTAINER_NAME=\"${DEPLOYMENT_SLOT}-app\"\nREGISTRY=\"${IMAGE_URI%%/*}\"\nLOCK_FILE=\"/opt/calvin/locks/${DEPLOYMENT_SLOT}.lock\"\n\nexec 9\u003e\"$LOCK_FILE\"\nflock -n 9 || {\n  echo \"Another deployment is already running for $STUDENT_ID\" \u003e\u00262\n  exit 14\n}\n\naws ecr get-login-password --region \"$AWS_REGION\" |\n  docker login --username AWS --password-stdin \"$REGISTRY\"\n\ndocker pull \"$IMAGE_URI\"\ndocker rm -f \"$CONTAINER_NAME\" 2\u003e/dev/null || true\n\ndocker run -d \\\n  --name \"$CONTAINER_NAME\" \\\n  --restart unless-stopped \\\n  --memory 512m \\\n  --memory-swap 512m \\\n  --cpus 0.50 \\\n  --pids-limit 256 \\\n  --read-only \\\n  --tmpfs /tmp:rw,noexec,nosuid,size=64m \\\n  --security-opt no-new-privileges:true \\\n  -e JAVA_TOOL_OPTIONS=\"-Xms128m -Xmx256m\" \\\n  -e STUDENT_ID=\"$STUDENT_ID\" \\\n  -p \"${HOST_PORT}:8080\" \\\n  \"$IMAGE_URI\"\n\nsleep 5\n\nif ! docker inspect --format '{{.State.Running}}' \"$CONTAINER_NAME\" | grep -q '^true$'; then\n  docker logs --tail 100 \"$CONTAINER_NAME\"\n  exit 15\nfi\n\ndocker image prune -f\n\necho \"Successfully deployed $STUDENT_ID on port $HOST_PORT\"\nSCRIPT\n\nchmod 0755 /opt/calvin/bin/deploy-student\n",
            "user_data_base64": null,
            "user_data_replace_on_change": false,
            "volume_tags": null,
            "vpc_security_group_ids": [
              "sg-08b94e7dccca4339a"
            ]
          },
          "sensitive_attributes": [
            [
              {
                "type": "get_attr",
                "value": "ami"
              }
            ]
          ],
          "identity_schema_version": 0,
          "identity": {
            "account_id": "750819667599",
            "id": "i-0a275833716202fe4",
            "region": "ap-south-1"
          },
          "private": "eyJlMmJmYjczMC1lY2FhLTExZTYtOGY4OC0zNDM2M2JjN2M0YzAiOnsiY3JlYXRlIjo2MDAwMDAwMDAwMDAsImRlbGV0ZSI6MTIwMDAwMDAwMDAwMCwicmVhZCI6OTAwMDAwMDAwMDAwLCJ1cGRhdGUiOjYwMDAwMDAwMDAwMH0sInNjaGVtYV92ZXJzaW9uIjoiMiJ9",
          "dependencies": [
            "aws_ecr_repository.student",
            "aws_iam_instance_profile.calvin",
            "aws_iam_role.calvin",
            "aws_iam_role_policy.calvin_ecr_pull",
            "aws_iam_role_policy_attachment.calvin_ssm",
            "aws_internet_gateway.calvin",
            "aws_route_table.public",
            "aws_route_table_association.public",
            "aws_security_group.calvin",
            "aws_subnet.public",
            "aws_vpc.calvin",
            "data.aws_availability_zones.available",
            "data.aws_iam_policy_document.calvin_assume_role",
            "data.aws_iam_policy_document.calvin_ecr_pull",
            "data.aws_partition.current",
            "data.aws_ssm_parameter.al2023_ami"
          ]
        }
      ]
    },
    {
      "mode": "managed",
      "type": "aws_internet_gateway",
      "name": "calvin",
      "provider": "provider[\"registry.terraform.io/hashicorp/aws\"]",
      "instances": [
        {
          "schema_version": 0,
          "attributes": {
            "arn": "arn:aws:ec2:ap-south-1:750819667599:internet-gateway/igw-01b7f8e17f330d1b3",
            "id": "igw-01b7f8e17f330d1b3",
            "owner_id": "750819667599",
            "region": "ap-south-1",
            "tags": {
              "Environment": "training",
              "Name": "grand-calvin-igw"
            },
            "tags_all": {
              "Environment": "training",
              "ManagedBy": "Terraform",
              "Name": "grand-calvin-igw",
              "Project": "grand-calvin"
            },
            "timeouts": null,
            "vpc_id": "vpc-0bff9b31df90541cc"
          },
          "sensitive_attributes": [],
          "identity_schema_version": 0,
          "identity": {
            "account_id": "750819667599",
            "id": "igw-01b7f8e17f330d1b3",
            "region": "ap-south-1"
          },
          "private": "eyJlMmJmYjczMC1lY2FhLTExZTYtOGY4OC0zNDM2M2JjN2M0YzAiOnsiY3JlYXRlIjoxMjAwMDAwMDAwMDAwLCJkZWxldGUiOjEyMDAwMDAwMDAwMDAsInVwZGF0ZSI6MTIwMDAwMDAwMDAwMH19",
          "dependencies": [
            "aws_vpc.calvin"
          ]
        }
      ]
    },
    {
      "mode": "managed",
      "type": "aws_route_table",
      "name": "public",
      "provider": "provider[\"registry.terraform.io/hashicorp/aws\"]",
      "instances": [
        {
          "schema_version": 0,
          "attributes": {
            "arn": "arn:aws:ec2:ap-south-1:750819667599:route-table/rtb-0d454db676a476681",
            "id": "rtb-0d454db676a476681",
            "owner_id": "750819667599",
            "propagating_vgws": [],
            "region": "ap-south-1",
            "route": [
              {
                "carrier_gateway_id": "",
                "cidr_block": "0.0.0.0/0",
                "core_network_arn": "",
                "destination_prefix_list_id": "",
                "egress_only_gateway_id": "",
                "gateway_id": "igw-01b7f8e17f330d1b3",
                "ipv6_cidr_block": "",
                "local_gateway_id": "",
                "nat_gateway_id": "",
                "network_interface_id": "",
                "odb_network_arn": "",
                "transit_gateway_id": "",
                "vpc_endpoint_id": "",
                "vpc_peering_connection_id": ""
              }
            ],
            "tags": {
              "Environment": "training",
              "Name": "grand-calvin-public-rt"
            },
            "tags_all": {
              "Environment": "training",
              "ManagedBy": "Terraform",
              "Name": "grand-calvin-public-rt",
              "Project": "grand-calvin"
            },
            "timeouts": null,
            "vpc_id": "vpc-0bff9b31df90541cc"
          },
          "sensitive_attributes": [],
          "identity_schema_version": 0,
          "identity": {
            "account_id": "750819667599",
            "id": "rtb-0d454db676a476681",
            "region": "ap-south-1"
          },
          "private": "eyJlMmJmYjczMC1lY2FhLTExZTYtOGY4OC0zNDM2M2JjN2M0YzAiOnsiY3JlYXRlIjozMDAwMDAwMDAwMDAsImRlbGV0ZSI6MzAwMDAwMDAwMDAwLCJ1cGRhdGUiOjEyMDAwMDAwMDAwMH19",
          "dependencies": [
            "aws_internet_gateway.calvin",
            "aws_vpc.calvin"
          ]
        }
      ]
    },
    {
      "mode": "managed",
      "type": "aws_route_table_association",
      "name": "public",
      "provider": "provider[\"registry.terraform.io/hashicorp/aws\"]",
      "instances": [
        {
          "schema_version": 0,
          "attributes": {
            "gateway_id": "",
            "id": "rtbassoc-0dff2b3fc18e31046",
            "region": "ap-south-1",
            "route_table_id": "rtb-0d454db676a476681",
            "subnet_id": "subnet-018f36d306ec5ca73",
            "timeouts": null
          },
          "sensitive_attributes": [],
          "identity_schema_version": 0,
          "identity": {
            "account_id": "750819667599",
            "id": "rtbassoc-0dff2b3fc18e31046",
            "region": "ap-south-1"
          },
          "private": "eyJlMmJmYjczMC1lY2FhLTExZTYtOGY4OC0zNDM2M2JjN2M0YzAiOnsiY3JlYXRlIjozMDAwMDAwMDAwMDAsImRlbGV0ZSI6MzAwMDAwMDAwMDAwLCJ1cGRhdGUiOjEyMDAwMDAwMDAwMH19",
          "dependencies": [
            "aws_internet_gateway.calvin",
            "aws_route_table.public",
            "aws_subnet.public",
            "aws_vpc.calvin",
            "data.aws_availability_zones.available"
          ]
        }
      ]
    },
    {
      "mode": "managed",
      "type": "aws_security_group",
      "name": "calvin",
      "provider": "provider[\"registry.terraform.io/hashicorp/aws\"]",
      "instances": [
        {
          "schema_version": 1,
          "attributes": {
            "arn": "arn:aws:ec2:ap-south-1:750819667599:security-group/sg-08b94e7dccca4339a",
            "description": "Public access to assigned student application ports; no SSH",
            "egress": [
              {
                "cidr_blocks": [
                  "0.0.0.0/0"
                ],
                "description": "Outbound access for SSM, ECR and package installation",
                "from_port": 0,
                "ipv6_cidr_blocks": [],
                "prefix_list_ids": [],
                "protocol": "-1",
                "security_groups": [],
                "self": false,
                "to_port": 0
              }
            ],
            "id": "sg-08b94e7dccca4339a",
            "ingress": [
              {
                "cidr_blocks": [
                  "0.0.0.0/0"
                ],
                "description": "Student apps from 0.0.0.0/0",
                "from_port": 8101,
                "ipv6_cidr_blocks": [],
                "prefix_list_ids": [],
                "protocol": "tcp",
                "security_groups": [],
                "self": false,
                "to_port": 8130
              }
            ],
            "name": "grand-calvin-1fb03cef3c2d5805d6f22d1d43",
            "name_prefix": "grand-calvin-",
            "owner_id": "750819667599",
            "region": "ap-south-1",
            "revoke_rules_on_delete": false,
            "tags": {
              "Environment": "training",
              "Name": "grand-calvin-sg"
            },
            "tags_all": {
              "Environment": "training",
              "ManagedBy": "Terraform",
              "Name": "grand-calvin-sg",
              "Project": "grand-calvin"
            },
            "timeouts": null,
            "vpc_id": "vpc-0bff9b31df90541cc"
          },
          "sensitive_attributes": [],
          "identity_schema_version": 0,
          "identity": {
            "account_id": "750819667599",
            "id": "sg-08b94e7dccca4339a",
            "region": "ap-south-1"
          },
          "private": "eyJlMmJmYjczMC1lY2FhLTExZTYtOGY4OC0zNDM2M2JjN2M0YzAiOnsiY3JlYXRlIjo2MDAwMDAwMDAwMDAsImRlbGV0ZSI6OTAwMDAwMDAwMDAwfSwic2NoZW1hX3ZlcnNpb24iOiIxIn0=",
          "dependencies": [
            "aws_vpc.calvin"
          ],
          "create_before_destroy": true
        }
      ]
    },
    {
      "mode": "managed",
      "type": "aws_ssm_document",
      "name": "student_deploy",
      "provider": "provider[\"registry.terraform.io/hashicorp/aws\"]",
      "instances": [
        {
          "index_key": "student01",
          "schema_version": 0,
          "attributes": {
            "arn": "arn:aws:ssm:ap-south-1:750819667599:document/grand-calvin-deploy-student01",
            "attachments_source": [],
            "content": "{\"description\":\"Deploy student01 application to Grand Calvin\",\"mainSteps\":[{\"action\":\"aws:runShellScript\",\"inputs\":{\"runCommand\":[\"set -euo pipefail\",\"if [ -z \\\"${SSM_ImageUri+x}\\\" ]; then export SSM_ImageUri='{{ImageUri}}'; fi\",\"if [ -z \\\"${SSM_StudentId+x}\\\" ]; then export SSM_StudentId='{{StudentId}}'; fi\",\"/opt/calvin/bin/deploy-student 'student01' \\\"$SSM_ImageUri\\\" '8101' \\\"$SSM_StudentId\\\"\"],\"timeoutSeconds\":\"300\"},\"name\":\"deploystudent01\",\"precondition\":{\"StringEquals\":[\"platformType\",\"Linux\"]}}],\"parameters\":{\"ImageUri\":{\"allowedPattern\":\"^[0-9]{12}\\\\.dkr\\\\.ecr\\\\.ap-south-1\\\\.amazonaws\\\\.com/training/student01:[A-Za-z0-9._-]+$\",\"description\":\"ECR image URI for student01\",\"interpolationType\":\"ENV_VAR\",\"type\":\"String\"},\"StudentId\":{\"allowedPattern\":\"^[A-Za-z0-9][A-Za-z0-9._-]{0,63}$\",\"description\":\"Student identifier supplied by the learner repository\",\"interpolationType\":\"ENV_VAR\",\"type\":\"String\"}},\"schemaVersion\":\"2.2\"}",
            "created_date": "2026-07-22T16:43:41Z",
            "default_version": "1",
            "description": "Deploy student01 application to Grand Calvin",
            "document_format": "JSON",
            "document_type": "Command",
            "document_version": "1",
            "hash": "35408be5598796b33d1ea11c4f2587dbaf9c4acae1e044d76e0a9d851b3e327e",
            "hash_type": "Sha256",
            "id": "grand-calvin-deploy-student01",
            "latest_version": "1",
            "name": "grand-calvin-deploy-student01",
            "owner": "750819667599",
            "parameter": [
              {
                "default_value": "",
                "description": "ECR image URI for student01",
                "name": "ImageUri",
                "type": "String"
              },
              {
                "default_value": "",
                "description": "Student identifier supplied by the learner repository",
                "name": "StudentId",
                "type": "String"
              }
            ],
            "permissions": null,
            "platform_types": [
              "Linux"
            ],
            "region": "ap-south-1",
            "schema_version": "2.2",
            "status": "Active",
            "tags": {
              "Environment": "training",
              "Student": "student01"
            },
            "tags_all": {
              "Environment": "training",
              "ManagedBy": "Terraform",
              "Project": "grand-calvin",
              "Student": "student01"
            },
            "target_type": "",
            "version_name": ""
          },
          "sensitive_attributes": [],
          "identity_schema_version": 0,
          "identity": {
            "account_id": "750819667599",
            "name": "grand-calvin-deploy-student01",
            "region": "ap-south-1"
          },
          "private": "bnVsbA=="
        }
      ]
    },
    {
      "mode": "managed",
      "type": "aws_subnet",
      "name": "public",
      "provider": "provider[\"registry.terraform.io/hashicorp/aws\"]",
      "instances": [
        {
          "schema_version": 1,
          "attributes": {
            "arn": "arn:aws:ec2:ap-south-1:750819667599:subnet/subnet-018f36d306ec5ca73",
            "assign_ipv6_address_on_creation": false,
            "availability_zone": "ap-south-1a",
            "availability_zone_id": "aps1-az1",
            "cidr_block": "10.40.1.0/24",
            "customer_owned_ipv4_pool": "",
            "enable_dns64": false,
            "enable_lni_at_device_index": 0,
            "enable_resource_name_dns_a_record_on_launch": false,
            "enable_resource_name_dns_aaaa_record_on_launch": false,
            "id": "subnet-018f36d306ec5ca73",
            "ipv4_ipam_pool_id": null,
            "ipv4_netmask_length": null,
            "ipv6_cidr_block": "",
            "ipv6_cidr_block_association_id": "",
            "ipv6_ipam_pool_id": null,
            "ipv6_native": false,
            "ipv6_netmask_length": null,
            "map_customer_owned_ip_on_launch": false,
            "map_public_ip_on_launch": true,
            "outpost_arn": "",
            "owner_id": "750819667599",
            "private_dns_hostname_type_on_launch": "ip-name",
            "region": "ap-south-1",
            "tags": {
              "Environment": "training",
              "Name": "grand-calvin-public"
            },
            "tags_all": {
              "Environment": "training",
              "ManagedBy": "Terraform",
              "Name": "grand-calvin-public",
              "Project": "grand-calvin"
            },
            "timeouts": null,
            "vpc_id": "vpc-0bff9b31df90541cc"
          },
          "sensitive_attributes": [],
          "identity_schema_version": 0,
          "identity": {
            "account_id": "750819667599",
            "id": "subnet-018f36d306ec5ca73",
            "region": "ap-south-1"
          },
          "private": "eyJlMmJmYjczMC1lY2FhLTExZTYtOGY4OC0zNDM2M2JjN2M0YzAiOnsiY3JlYXRlIjo2MDAwMDAwMDAwMDAsImRlbGV0ZSI6MTIwMDAwMDAwMDAwMH0sInNjaGVtYV92ZXJzaW9uIjoiMSJ9",
          "dependencies": [
            "aws_vpc.calvin",
            "data.aws_availability_zones.available"
          ]
        }
      ]
    },
    {
      "mode": "managed",
      "type": "aws_vpc",
      "name": "calvin",
      "provider": "provider[\"registry.terraform.io/hashicorp/aws\"]",
      "instances": [
        {
          "schema_version": 1,
          "attributes": {
            "arn": "arn:aws:ec2:ap-south-1:750819667599:vpc/vpc-0bff9b31df90541cc",
            "assign_generated_ipv6_cidr_block": false,
            "cidr_block": "10.40.0.0/16",
            "default_network_acl_id": "acl-01c0c76448cacb075",
            "default_route_table_id": "rtb-0fb16ac2270e9d4f6",
            "default_security_group_id": "sg-0b4147e04f75138fe",
            "dhcp_options_id": "dopt-05068f605a038fa47",
            "enable_dns_hostnames": true,
            "enable_dns_support": true,
            "enable_network_address_usage_metrics": false,
            "id": "vpc-0bff9b31df90541cc",
            "instance_tenancy": "default",
            "ipv4_ipam_pool_id": null,
            "ipv4_netmask_length": null,
            "ipv6_association_id": "",
            "ipv6_cidr_block": "",
            "ipv6_cidr_block_network_border_group": "",
            "ipv6_ipam_pool_id": "",
            "ipv6_netmask_length": 0,
            "main_route_table_id": "rtb-0fb16ac2270e9d4f6",
            "owner_id": "750819667599",
            "region": "ap-south-1",
            "tags": {
              "Environment": "training",
              "Name": "grand-calvin-vpc"
            },
            "tags_all": {
              "Environment": "training",
              "ManagedBy": "Terraform",
              "Name": "grand-calvin-vpc",
              "Project": "grand-calvin"
            }
          },
          "sensitive_attributes": [],
          "identity_schema_version": 0,
          "identity": {
            "account_id": "750819667599",
            "id": "vpc-0bff9b31df90541cc",
            "region": "ap-south-1"
          },
          "private": "eyJzY2hlbWFfdmVyc2lvbiI6IjEifQ==",
          "create_before_destroy": true
        }
      ]
    }
  ],
  "check_results": [
    {
      "object_kind": "var",
      "config_addr": "var.students",
      "status": "pass",
      "objects": [
        {
          "object_addr": "var.students",
          "status": "pass"
        }
      ]
    },
    {
      "object_kind": "var",
      "config_addr": "var.existing_github_oidc_provider_arn",
      "status": "pass",
      "objects": [
        {
          "object_addr": "var.existing_github_oidc_provider_arn",
          "status": "pass"
        }
      ]
    }
  ]
}
